
Microsoft Visual Studio Solution File, Format Version 12.00
# Visual Studio Express 2013 for Windows Desktop
VisualStudioVersion = 12.0.30501.0
MinimumVisualStudioVersion = 10.0.40219.1
Project("{FAE04EC0-301F-11D3-BF4B-00C04F79EFBC}") = "Vista", "WindowsFormsApplication5\Vista.csproj", "{5C5797E3-AB4C-4E8E-8232-2DF55E4CE7F9}"
EndProject
Project("{FAE04EC0-301F-11D3-BF4B-00C04F79EFBC}") = "Modelo", "Modelo\Modelo.csproj", "{6A98BB42-08C4-4278-8F9E-BF4C13A66895}"
EndProject
Project("{FAE04EC0-301F-11D3-BF4B-00C04F79EFBC}") = "AccesoDatos", "AccesoDatos\AccesoDatos.csproj", "{E4F11C40-BB99-4026-9B00-28DF56B279CD}"
EndProject
Global
	GlobalSection(SolutionConfigurationPlatforms) = preSolution
		Debug|Any CPU = Debug|Any CPU
		Release|Any CPU = Release|Any CPU
	EndGlobalSection
	GlobalSection(ProjectConfigurationPlatforms) = postSolution
		{5C5797E3-AB4C-4E8E-8232-2DF55E4CE7F9}.Debug|Any CPU.ActiveCfg = Debug|Any CPU
		{5C5797E3-AB4C-4E8E-8232-2DF55E4CE7F9}.Debug|Any CPU.Build.0 = Debug|Any CPU
		{5C5797E3-AB4C-4E8E-8232-2DF55E4CE7F9}.Release|Any CPU.ActiveCfg = Release|Any CPU
		{5C5797E3-AB4C-4E8E-8232-2DF55E4CE7F9}.Release|Any CPU.Build.0 = Release|Any CPU
		{6A98BB42-08C4-4278-8F9E-BF4C13A66895}.Debug|Any CPU.ActiveCfg = Debug|Any CPU
		{6A98BB42-08C4-4278-8F9E-BF4C13A66895}.Debug|Any CPU.Build.0 = Debug|Any CPU
		{6A98BB42-08C4-4278-8F9E-BF4C13A66895}.Release|Any CPU.ActiveCfg = Release|Any CPU
		{6A98BB42-08C4-4278-8F9E-BF4C13A66895}.Release|Any CPU.Build.0 = Release|Any CPU
		{E4F11C40-BB99-4026-9B00-28DF56B279CD}.Debug|Any CPU.ActiveCfg = Debug|Any CPU
		{E4F11C40-BB99-4026-9B00-28DF56B279CD}.Debug|Any CPU.Build.0 = Debug|Any CPU
		{E4F11C40-BB99-4026-9B00-28DF56B279CD}.Release|Any CPU.ActiveCfg = Release|Any CPU
		{E4F11C40-BB99-4026-9B00-28DF56B279CD}.Release|Any CPU.Build.0 = Release|Any CPU
	EndGlobalSection
	GlobalSection(SolutionProperties) = preSolution
		HideSolutionNode = FALSE
	EndGlobalSection
EndGlobal
